
Microsoft Visual Studio Solution File, Format Version 12.00
# Visual Studio Version 17
VisualStudioVersion = 17.11.35431.28
MinimumVisualStudioVersion = 10.0.40219.1
Project("{FAE04EC0-301F-11D3-BF4B-00C04F79EFBC}") = "AppServiceDemo", "AppServiceDemo\AppServiceDemo.csproj", "{C62644BA-6CAC-424B-BD06-7FFF46B97E86}"
EndProject
Project("{FAE04EC0-301F-11D3-BF4B-00C04F79EFBC}") = "ConnectDB", "ConnectDB\ConnectDB.csproj", "{FD3C00E1-0885-444E-BC03-038AA94224F4}"
EndProject
Global
	GlobalSection(SolutionConfigurationPlatforms) = preSolution
		Debug|Any CPU = Debug|Any CPU
		Release|Any CPU = Release|Any CPU
	EndGlobalSection
	GlobalSection(ProjectConfigurationPlatforms) = postSolution
		{C62644BA-6CAC-424B-BD06-7FFF46B97E86}.Debug|Any CPU.ActiveCfg = Debug|Any CPU
		{C62644BA-6CAC-424B-BD06-7FFF46B97E86}.Debug|Any CPU.Build.0 = Debug|Any CPU
		{C62644BA-6CAC-424B-BD06-7FFF46B97E86}.Release|Any CPU.ActiveCfg = Release|Any CPU
		{C62644BA-6CAC-424B-BD06-7FFF46B97E86}.Release|Any CPU.Build.0 = Release|Any CPU
		{FD3C00E1-0885-444E-BC03-038AA94224F4}.Debug|Any CPU.ActiveCfg = Debug|Any CPU
		{FD3C00E1-0885-444E-BC03-038AA94224F4}.Debug|Any CPU.Build.0 = Debug|Any CPU
		{FD3C00E1-0885-444E-BC03-038AA94224F4}.Release|Any CPU.ActiveCfg = Release|Any CPU
		{FD3C00E1-0885-444E-BC03-038AA94224F4}.Release|Any CPU.Build.0 = Release|Any CPU
	EndGlobalSection
	GlobalSection(SolutionProperties) = preSolution
		HideSolutionNode = FALSE
	EndGlobalSection
	GlobalSection(ExtensibilityGlobals) = postSolution
		SolutionGuid = {D2B844E0-B390-4289-BCCF-1793526CCA77}
	EndGlobalSection
EndGlobal
